// !$*UTF8*$!
{
	archiveVersion = 1;
	classes = {
	};
	objectVersion = 46;
	objects = {

/* Begin PBXBuildFile section */
		6C11A06F1C8DCFAE008FDF0B /* ProductCTBC.swift in Sources */ = {isa = PBXBuildFile; fileRef = 6C11A06E1C8DCFAE008FDF0B /* ProductCTBC.swift */; };
		6CA3A8B21C8F579100C2A1BB /* LaunchScreenVC.swift in Sources */ = {isa = PBXBuildFile; fileRef = 6CA3A8B11C8F579100C2A1BB /* LaunchScreenVC.swift */; };
		750413FC1C9065A100303778 /* MyProductCTBC.swift in Sources */ = {isa = PBXBuildFile; fileRef = 750413FB1C9065A100303778 /* MyProductCTBC.swift */; };
		750414001C90673D00303778 /* LoginVC.swift in Sources */ = {isa = PBXBuildFile; fileRef = 750413FD1C90673D00303778 /* LoginVC.swift */; };
		750414011C90673D00303778 /* ProductSorter.swift in Sources */ = {isa = PBXBuildFile; fileRef = 750413FE1C90673D00303778 /* ProductSorter.swift */; };
		750414021C90673D00303778 /* SignVC.swift in Sources */ = {isa = PBXBuildFile; fileRef = 750413FF1C90673D00303778 /* SignVC.swift */; };
		751583C41CA75A9100D45147 /* Validator.swift in Sources */ = {isa = PBXBuildFile; fileRef = 751583C31CA75A9100D45147 /* Validator.swift */; };
		753767941C9947AC0088E464 /* FBSDKCoreKit.framework in Frameworks */ = {isa = PBXBuildFile; fileRef = 753767911C9947AC0088E464 /* FBSDKCoreKit.framework */; };
		753767951C9947AC0088E464 /* FBSDKLoginKit.framework in Frameworks */ = {isa = PBXBuildFile; fileRef = 753767921C9947AC0088E464 /* FBSDKLoginKit.framework */; };
		753767961C9947AC0088E464 /* FBSDKShareKit.framework in Frameworks */ = {isa = PBXBuildFile; fileRef = 753767931C9947AC0088E464 /* FBSDKShareKit.framework */; };
		7580D69E1C9705AF00FCD990 /* DBDocs.swift in Sources */ = {isa = PBXBuildFile; fileRef = 7580D69D1C9705AF00FCD990 /* DBDocs.swift */; };
		758D5A671C953990000619F7 /* Testing.swift in Sources */ = {isa = PBXBuildFile; fileRef = 758D5A661C953990000619F7 /* Testing.swift */; };
		758D5A691C95456D000619F7 /* AWSS3.framework in Frameworks */ = {isa = PBXBuildFile; fileRef = 758D5A681C95456D000619F7 /* AWSS3.framework */; };
		758D5A6B1C9545A6000619F7 /* libsqlite3.tbd in Frameworks */ = {isa = PBXBuildFile; fileRef = 758D5A6A1C9545A6000619F7 /* libsqlite3.tbd */; };
		758D5A6D1C9545B5000619F7 /* libz.tbd in Frameworks */ = {isa = PBXBuildFile; fileRef = 758D5A6C1C9545B5000619F7 /* libz.tbd */; };
		758D5A6F1C9545C6000619F7 /* SystemConfiguration.framework in Frameworks */ = {isa = PBXBuildFile; fileRef = 758D5A6E1C9545C6000619F7 /* SystemConfiguration.framework */; };
		758D5A731C9546A4000619F7 /* SWRevealViewController.m in Sources */ = {isa = PBXBuildFile; fileRef = 758D5A721C9546A4000619F7 /* SWRevealViewController.m */; };
		758D5A761C956E7B000619F7 /* UpDateProductVC.swift in Sources */ = {isa = PBXBuildFile; fileRef = 758D5A751C956E7B000619F7 /* UpDateProductVC.swift */; };
		758F3B1E1C8C2F0E005D1EF5 /* AppDelegate.swift in Sources */ = {isa = PBXBuildFile; fileRef = 758F3B1D1C8C2F0E005D1EF5 /* AppDelegate.swift */; };
		758F3B231C8C2F0E005D1EF5 /* Main.storyboard in Resources */ = {isa = PBXBuildFile; fileRef = 758F3B211C8C2F0E005D1EF5 /* Main.storyboard */; };
		758F3B251C8C2F0E005D1EF5 /* Assets.xcassets in Resources */ = {isa = PBXBuildFile; fileRef = 758F3B241C8C2F0E005D1EF5 /* Assets.xcassets */; };
		758F3B281C8C2F0E005D1EF5 /* LaunchScreen.storyboard in Resources */ = {isa = PBXBuildFile; fileRef = 758F3B261C8C2F0E005D1EF5 /* LaunchScreen.storyboard */; };
		758F3B3E1C8C3100005D1EF5 /* Client.swift in Sources */ = {isa = PBXBuildFile; fileRef = 758F3B3D1C8C3100005D1EF5 /* Client.swift */; };
		758F3B421C8C3199005D1EF5 /* DBClient.swift in Sources */ = {isa = PBXBuildFile; fileRef = 758F3B411C8C3199005D1EF5 /* DBClient.swift */; };
		758F3B441C8C3216005D1EF5 /* MazizLIVC.swift in Sources */ = {isa = PBXBuildFile; fileRef = 758F3B431C8C3216005D1EF5 /* MazizLIVC.swift */; };
		758F3B461C8C3241005D1EF5 /* MazizLaamVC.swift in Sources */ = {isa = PBXBuildFile; fileRef = 758F3B451C8C3241005D1EF5 /* MazizLaamVC.swift */; };
		758F3B481C8C327C005D1EF5 /* AddProdVC.swift in Sources */ = {isa = PBXBuildFile; fileRef = 758F3B471C8C327C005D1EF5 /* AddProdVC.swift */; };
		758F3B4A1C8C3366005D1EF5 /* UPCImageVC.swift in Sources */ = {isa = PBXBuildFile; fileRef = 758F3B491C8C3366005D1EF5 /* UPCImageVC.swift */; };
		758F3B4C1C8C34F4005D1EF5 /* Product.swift in Sources */ = {isa = PBXBuildFile; fileRef = 758F3B4B1C8C34F4005D1EF5 /* Product.swift */; };
		758F3B4E1C8C360E005D1EF5 /* Info.plist in Resources */ = {isa = PBXBuildFile; fileRef = 758F3B4D1C8C360E005D1EF5 /* Info.plist */; };
		758F3B701C8C3C99005D1EF5 /* MazizLaamInfoVC.swift in Sources */ = {isa = PBXBuildFile; fileRef = 758F3B6F1C8C3C99005D1EF5 /* MazizLaamInfoVC.swift */; };
		758F3B741C8C55D2005D1EF5 /* asynctask.swift in Sources */ = {isa = PBXBuildFile; fileRef = 758F3B731C8C55D2005D1EF5 /* asynctask.swift */; };
		758F3B781C8D71A3005D1EF5 /* RegisterVC.swift in Sources */ = {isa = PBXBuildFile; fileRef = 758F3B771C8D71A3005D1EF5 /* RegisterVC.swift */; };
		75E1308E1CA40A0B00EEB077 /* Upload2DB.swift in Sources */ = {isa = PBXBuildFile; fileRef = 75E1308D1CA40A0B00EEB077 /* Upload2DB.swift */; };
		8EFF8E111C9028F40091D878 /* MobileCoreServices.framework in Frameworks */ = {isa = PBXBuildFile; fileRef = 8EFF8E101C9028F40091D878 /* MobileCoreServices.framework */; };
/* End PBXBuildFile section */

/* Begin PBXFileReference section */
		6C11A06E1C8DCFAE008FDF0B /* ProductCTBC.swift */ = {isa = PBXFileReference; lastKnownFileType = sourcecode.swift; path = ProductCTBC.swift; sourceTree = "<group>"; };
		6CA3A8B11C8F579100C2A1BB /* LaunchScreenVC.swift */ = {isa = PBXFileReference; fileEncoding = 4; lastKnownFileType = sourcecode.swift; path = LaunchScreenVC.swift; sourceTree = "<group>"; };
		750413FB1C9065A100303778 /* MyProductCTBC.swift */ = {isa = PBXFileReference; lastKnownFileType = sourcecode.swift; path = MyProductCTBC.swift; sourceTree = "<group>"; };
		750413FD1C90673D00303778 /* LoginVC.swift */ = {isa = PBXFileReference; lastKnownFileType = sourcecode.swift; path = LoginVC.swift; sourceTree = "<group>"; };
		750413FE1C90673D00303778 /* ProductSorter.swift */ = {isa = PBXFileReference; lastKnownFileType = sourcecode.swift; path = ProductSorter.swift; sourceTree = "<group>"; };
		750413FF1C90673D00303778 /* SignVC.swift */ = {isa = PBXFileReference; lastKnownFileType = sourcecode.swift; path = SignVC.swift; sourceTree = "<group>"; };
		751583C31CA75A9100D45147 /* Validator.swift */ = {isa = PBXFileReference; fileEncoding = 4; lastKnownFileType = sourcecode.swift; path = Validator.swift; sourceTree = "<group>"; };
		753767911C9947AC0088E464 /* FBSDKCoreKit.framework */ = {isa = PBXFileReference; lastKnownFileType = wrapper.framework; path = FBSDKCoreKit.framework; sourceTree = "<group>"; };
		753767921C9947AC0088E464 /* FBSDKLoginKit.framework */ = {isa = PBXFileReference; lastKnownFileType = wrapper.framework; path = FBSDKLoginKit.framework; sourceTree = "<group>"; };
		753767931C9947AC0088E464 /* FBSDKShareKit.framework */ = {isa = PBXFileReference; lastKnownFileType = wrapper.framework; path = FBSDKShareKit.framework; sourceTree = "<group>"; };
		7580D69D1C9705AF00FCD990 /* DBDocs.swift */ = {isa = PBXFileReference; fileEncoding = 4; lastKnownFileType = sourcecode.swift; path = DBDocs.swift; sourceTree = "<group>"; };
		758D5A661C953990000619F7 /* Testing.swift */ = {isa = PBXFileReference; fileEncoding = 4; lastKnownFileType = sourcecode.swift; path = Testing.swift; sourceTree = "<group>"; };
		758D5A681C95456D000619F7 /* AWSS3.framework */ = {isa = PBXFileReference; lastKnownFileType = wrapper.framework; path = AWSS3.framework; sourceTree = "<group>"; };
		758D5A6A1C9545A6000619F7 /* libsqlite3.tbd */ = {isa = PBXFileReference; lastKnownFileType = "sourcecode.text-based-dylib-definition"; name = libsqlite3.tbd; path = usr/lib/libsqlite3.tbd; sourceTree = SDKROOT; };
		758D5A6C1C9545B5000619F7 /* libz.tbd */ = {isa = PBXFileReference; lastKnownFileType = "sourcecode.text-based-dylib-definition"; name = libz.tbd; path = usr/lib/libz.tbd; sourceTree = SDKROOT; };
		758D5A6E1C9545C6000619F7 /* SystemConfiguration.framework */ = {isa = PBXFileReference; lastKnownFileType = wrapper.framework; name = SystemConfiguration.framework; path = System/Library/Frameworks/SystemConfiguration.framework; sourceTree = SDKROOT; };
		758D5A701C9546A3000619F7 /* MezizLi-Bridging-Header.h */ = {isa = PBXFileReference; lastKnownFileType = sourcecode.c.h; path = "MezizLi-Bridging-Header.h"; sourceTree = "<group>"; };
		758D5A711C9546A4000619F7 /* SWRevealViewController.h */ = {isa = PBXFileReference; fileEncoding = 4; lastKnownFileType = sourcecode.c.h; path = SWRevealViewController.h; sourceTree = "<group>"; };
		758D5A721C9546A4000619F7 /* SWRevealViewController.m */ = {isa = PBXFileReference; fileEncoding = 4; lastKnownFileType = sourcecode.c.objc; path = SWRevealViewController.m; sourceTree = "<group>"; };
		758D5A751C956E7B000619F7 /* UpDateProductVC.swift */ = {isa = PBXFileReference; fileEncoding = 4; lastKnownFileType = sourcecode.swift; path = UpDateProductVC.swift; sourceTree = "<group>"; };
		758F3B1A1C8C2F0E005D1EF5 /* MezizLi.app */ = {isa = PBXFileReference; explicitFileType = wrapper.application; includeInIndex = 0; path = MezizLi.app; sourceTree = BUILT_PRODUCTS_DIR; };
		758F3B1D1C8C2F0E005D1EF5 /* AppDelegate.swift */ = {isa = PBXFileReference; lastKnownFileType = sourcecode.swift; path = AppDelegate.swift; sourceTree = "<group>"; };
		758F3B221C8C2F0E005D1EF5 /* Base */ = {isa = PBXFileReference; lastKnownFileType = file.storyboard; name = Base; path = Base.lproj/Main.storyboard; sourceTree = "<group>"; };
		758F3B241C8C2F0E005D1EF5 /* Assets.xcassets */ = {isa = PBXFileReference; lastKnownFileType = folder.assetcatalog; path = Assets.xcassets; sourceTree = "<group>"; };
		758F3B271C8C2F0E005D1EF5 /* Base */ = {isa = PBXFileReference; lastKnownFileType = file.storyboard; name = Base; path = Base.lproj/LaunchScreen.storyboard; sourceTree = "<group>"; };
		758F3B3D1C8C3100005D1EF5 /* Client.swift */ = {isa = PBXFileReference; fileEncoding = 4; lastKnownFileType = sourcecode.swift; path = Client.swift; sourceTree = "<group>"; };
		758F3B411C8C3199005D1EF5 /* DBClient.swift */ = {isa = PBXFileReference; fileEncoding = 4; lastKnownFileType = sourcecode.swift; path = DBClient.swift; sourceTree = "<group>"; };
		758F3B431C8C3216005D1EF5 /* MazizLIVC.swift */ = {isa = PBXFileReference; fileEncoding = 4; lastKnownFileType = sourcecode.swift; path = MazizLIVC.swift; sourceTree = "<group>"; };
		758F3B451C8C3241005D1EF5 /* MazizLaamVC.swift */ = {isa = PBXFileReference; fileEncoding = 4; lastKnownFileType = sourcecode.swift; path = MazizLaamVC.swift; sourceTree = "<group>"; };
		758F3B471C8C327C005D1EF5 /* AddProdVC.swift */ = {isa = PBXFileReference; fileEncoding = 4; lastKnownFileType = sourcecode.swift; path = AddProdVC.swift; sourceTree = "<group>"; };
		758F3B491C8C3366005D1EF5 /* UPCImageVC.swift */ = {isa = PBXFileReference; fileEncoding = 4; lastKnownFileType = sourcecode.swift; path = UPCImageVC.swift; sourceTree = "<group>"; };
		758F3B4B1C8C34F4005D1EF5 /* Product.swift */ = {isa = PBXFileReference; fileEncoding = 4; lastKnownFileType = sourcecode.swift; path = Product.swift; sourceTree = "<group>"; };
		758F3B4D1C8C360E005D1EF5 /* Info.plist */ = {isa = PBXFileReference; fileEncoding = 4; lastKnownFileType = text.plist.xml; path = Info.plist; sourceTree = "<group>"; };
		758F3B6F1C8C3C99005D1EF5 /* MazizLaamInfoVC.swift */ = {isa = PBXFileReference; fileEncoding = 4; lastKnownFileType = sourcecode.swift; path = MazizLaamInfoVC.swift; sourceTree = "<group>"; };
		758F3B731C8C55D2005D1EF5 /* asynctask.swift */ = {isa = PBXFileReference; fileEncoding = 4; lastKnownFileType = sourcecode.swift; path = asynctask.swift; sourceTree = "<group>"; };
		758F3B771C8D71A3005D1EF5 /* RegisterVC.swift */ = {isa = PBXFileReference; fileEncoding = 4; lastKnownFileType = sourcecode.swift; path = RegisterVC.swift; sourceTree = "<group>"; };
		75E1308D1CA40A0B00EEB077 /* Upload2DB.swift */ = {isa = PBXFileReference; fileEncoding = 4; lastKnownFileType = sourcecode.swift; path = Upload2DB.swift; sourceTree = "<group>"; };
		8EFF8E101C9028F40091D878 /* MobileCoreServices.framework */ = {isa = PBXFileReference; lastKnownFileType = wrapper.framework; name = MobileCoreServices.framework; path = System/Library/Frameworks/MobileCoreServices.framework; sourceTree = SDKROOT; };
/* End PBXFileReference section */

/* Begin PBXFrameworksBuildPhase section */
		758F3B171C8C2F0E005D1EF5 /* Frameworks */ = {
			isa = PBXFrameworksBuildPhase;
			buildActionMask = 2147483647;
			files = (
				753767961C9947AC0088E464 /* FBSDKShareKit.framework in Frameworks */,
				758D5A6F1C9545C6000619F7 /* SystemConfiguration.framework in Frameworks */,
				753767941C9947AC0088E464 /* FBSDKCoreKit.framework in Frameworks */,
				758D5A6D1C9545B5000619F7 /* libz.tbd in Frameworks */,
				758D5A6B1C9545A6000619F7 /* libsqlite3.tbd in Frameworks */,
				753767951C9947AC0088E464 /* FBSDKLoginKit.framework in Frameworks */,
				758D5A691C95456D000619F7 /* AWSS3.framework in Frameworks */,
				8EFF8E111C9028F40091D878 /* MobileCoreServices.framework in Frameworks */,
			);
			runOnlyForDeploymentPostprocessing = 0;
		};
/* End PBXFrameworksBuildPhase section */

/* Begin PBXGroup section */
		753767901C9947A00088E464 /* Facebook */ = {
			isa = PBXGroup;
			children = (
				753767911C9947AC0088E464 /* FBSDKCoreKit.framework */,
				753767921C9947AC0088E464 /* FBSDKLoginKit.framework */,
				753767931C9947AC0088E464 /* FBSDKShareKit.framework */,
			);
			name = Facebook;
			sourceTree = "<group>";
		};
		758D5A741C9546B0000619F7 /* SideMenu */ = {
			isa = PBXGroup;
			children = (
				758D5A711C9546A4000619F7 /* SWRevealViewController.h */,
				758D5A721C9546A4000619F7 /* SWRevealViewController.m */,
				758D5A701C9546A3000619F7 /* MezizLi-Bridging-Header.h */,
			);
			name = SideMenu;
			sourceTree = "<group>";
		};
		758F3B111C8C2F0E005D1EF5 = {
			isa = PBXGroup;
			children = (
				758D5A681C95456D000619F7 /* AWSS3.framework */,
				758D5A6E1C9545C6000619F7 /* SystemConfiguration.framework */,
				758D5A6C1C9545B5000619F7 /* libz.tbd */,
				758D5A6A1C9545A6000619F7 /* libsqlite3.tbd */,
				758F3B1C1C8C2F0E005D1EF5 /* MezizLi */,
				758F3B1B1C8C2F0E005D1EF5 /* Products */,
			);
			sourceTree = "<group>";
		};
		758F3B1B1C8C2F0E005D1EF5 /* Products */ = {
			isa = PBXGroup;
			children = (
				758F3B1A1C8C2F0E005D1EF5 /* MezizLi.app */,
			);
			name = Products;
			sourceTree = "<group>";
		};
		758F3B1C1C8C2F0E005D1EF5 /* MezizLi */ = {
			isa = PBXGroup;
			children = (
				753767901C9947A00088E464 /* Facebook */,
				758F3B1D1C8C2F0E005D1EF5 /* AppDelegate.swift */,
				758F3B401C8C3114005D1EF5 /* CommonUtils */,
				758F3B3F1C8C3108005D1EF5 /* VC */,
				758D5A741C9546B0000619F7 /* SideMenu */,
				758F3B211C8C2F0E005D1EF5 /* Main.storyboard */,
				758F3B241C8C2F0E005D1EF5 /* Assets.xcassets */,
				758F3B261C8C2F0E005D1EF5 /* LaunchScreen.storyboard */,
				758F3B4D1C8C360E005D1EF5 /* Info.plist */,
				758D5A661C953990000619F7 /* Testing.swift */,
			);
			path = MezizLi;
			sourceTree = "<group>";
		};
		758F3B3F1C8C3108005D1EF5 /* VC */ = {
			isa = PBXGroup;
			children = (
				6C11A06E1C8DCFAE008FDF0B /* ProductCTBC.swift */,
				750413FB1C9065A100303778 /* MyProductCTBC.swift */,
				750413FD1C90673D00303778 /* LoginVC.swift */,
				750413FF1C90673D00303778 /* SignVC.swift */,
				758F3B771C8D71A3005D1EF5 /* RegisterVC.swift */,
				6CA3A8B11C8F579100C2A1BB /* LaunchScreenVC.swift */,
				758F3B451C8C3241005D1EF5 /* MazizLaamVC.swift */,
				758F3B6F1C8C3C99005D1EF5 /* MazizLaamInfoVC.swift */,
				758F3B431C8C3216005D1EF5 /* MazizLIVC.swift */,
				758F3B471C8C327C005D1EF5 /* AddProdVC.swift */,
				758F3B491C8C3366005D1EF5 /* UPCImageVC.swift */,
				758D5A751C956E7B000619F7 /* UpDateProductVC.swift */,
			);
			name = VC;
			sourceTree = "<group>";
		};
		758F3B401C8C3114005D1EF5 /* CommonUtils */ = {
			isa = PBXGroup;
			children = (
				75E1308D1CA40A0B00EEB077 /* Upload2DB.swift */,
				750413FE1C90673D00303778 /* ProductSorter.swift */,
				758F3B731C8C55D2005D1EF5 /* asynctask.swift */,
				758F3B411C8C3199005D1EF5 /* DBClient.swift */,
				7580D69D1C9705AF00FCD990 /* DBDocs.swift */,
				758F3B3D1C8C3100005D1EF5 /* Client.swift */,
				758F3B4B1C8C34F4005D1EF5 /* Product.swift */,
				751583C31CA75A9100D45147 /* Validator.swift */,
			);
			name = CommonUtils;
			sourceTree = "<group>";
		};
/* End PBXGroup section */

/* Begin PBXNativeTarget section */
		758F3B191C8C2F0E005D1EF5 /* MezizLi */ = {
			isa = PBXNativeTarget;
			buildConfigurationList = 758F3B2C1C8C2F0E005D1EF5 /* Build configuration list for PBXNativeTarget "MezizLi" */;
			buildPhases = (
				758F3B161C8C2F0E005D1EF5 /* Sources */,
				758F3B171C8C2F0E005D1EF5 /* Frameworks */,
				758F3B181C8C2F0E005D1EF5 /* Resources */,
			);
			buildRules = (
			);
			dependencies = (
			);
			name = MezizLi;
			productName = MezizLi;
			productReference = 758F3B1A1C8C2F0E005D1EF5 /* MezizLi.app */;
			productType = "com.apple.product-type.application";
		};
/* End PBXNativeTarget section */

/* Begin PBXProject section */
		758F3B121C8C2F0E005D1EF5 /* Project object */ = {
			isa = PBXProject;
			attributes = {
				LastSwiftUpdateCheck = 0720;
				LastUpgradeCheck = 0720;
				ORGANIZATIONNAME = "Nikolai Volodin";
				TargetAttributes = {
					758F3B191C8C2F0E005D1EF5 = {
						CreatedOnToolsVersion = 7.2.1;
						DevelopmentTeam = L29R73X57A;
						SystemCapabilities = {
							com.apple.BackgroundModes = {
								enabled = 0;
							};
						};
					};
				};
			};
			buildConfigurationList = 758F3B151C8C2F0E005D1EF5 /* Build configuration list for PBXProject "MezizLi" */;
			compatibilityVersion = "Xcode 3.2";
			developmentRegion = English;
			hasScannedForEncodings = 0;
			knownRegions = (
				en,
				Base,
			);
			mainGroup = 758F3B111C8C2F0E005D1EF5;
			productRefGroup = 758F3B1B1C8C2F0E005D1EF5 /* Products */;
			projectDirPath = "";
			projectRoot = "";
			targets = (
				758F3B191C8C2F0E005D1EF5 /* MezizLi */,
			);
		};
/* End PBXProject section */

/* Begin PBXResourcesBuildPhase section */
		758F3B181C8C2F0E005D1EF5 /* Resources */ = {
			isa = PBXResourcesBuildPhase;
			buildActionMask = 2147483647;
			files = (
				758F3B4E1C8C360E005D1EF5 /* Info.plist in Resources */,
				758F3B281C8C2F0E005D1EF5 /* LaunchScreen.storyboard in Resources */,
				758F3B251C8C2F0E005D1EF5 /* Assets.xcassets in Resources */,
				758F3B231C8C2F0E005D1EF5 /* Main.storyboard in Resources */,
			);
			runOnlyForDeploymentPostprocessing = 0;
		};
/* End PBXResourcesBuildPhase section */

/* Begin PBXSourcesBuildPhase section */
		758F3B161C8C2F0E005D1EF5 /* Sources */ = {
			isa = PBXSourcesBuildPhase;
			buildActionMask = 2147483647;
			files = (
				750414001C90673D00303778 /* LoginVC.swift in Sources */,
				750414011C90673D00303778 /* ProductSorter.swift in Sources */,
				758D5A671C953990000619F7 /* Testing.swift in Sources */,
				758D5A761C956E7B000619F7 /* UpDateProductVC.swift in Sources */,
				750414021C90673D00303778 /* SignVC.swift in Sources */,
				7580D69E1C9705AF00FCD990 /* DBDocs.swift in Sources */,
				750413FC1C9065A100303778 /* MyProductCTBC.swift in Sources */,
				6C11A06F1C8DCFAE008FDF0B /* ProductCTBC.swift in Sources */,
				758F3B701C8C3C99005D1EF5 /* MazizLaamInfoVC.swift in Sources */,
				6CA3A8B21C8F579100C2A1BB /* LaunchScreenVC.swift in Sources */,
				758F3B3E1C8C3100005D1EF5 /* Client.swift in Sources */,
				758F3B4C1C8C34F4005D1EF5 /* Product.swift in Sources */,
				758F3B741C8C55D2005D1EF5 /* asynctask.swift in Sources */,
				758F3B461C8C3241005D1EF5 /* MazizLaamVC.swift in Sources */,
				758F3B441C8C3216005D1EF5 /* MazizLIVC.swift in Sources */,
				751583C41CA75A9100D45147 /* Validator.swift in Sources */,
				75E1308E1CA40A0B00EEB077 /* Upload2DB.swift in Sources */,
				758D5A731C9546A4000619F7 /* SWRevealViewController.m in Sources */,
				758F3B481C8C327C005D1EF5 /* AddProdVC.swift in Sources */,
				758F3B421C8C3199005D1EF5 /* DBClient.swift in Sources */,
				758F3B4A1C8C3366005D1EF5 /* UPCImageVC.swift in Sources */,
				758F3B1E1C8C2F0E005D1EF5 /* AppDelegate.swift in Sources */,
				758F3B781C8D71A3005D1EF5 /* RegisterVC.swift in Sources */,
			);
			runOnlyForDeploymentPostprocessing = 0;
		};
/* End PBXSourcesBuildPhase section */

/* Begin PBXVariantGroup section */
		758F3B211C8C2F0E005D1EF5 /* Main.storyboard */ = {
			isa = PBXVariantGroup;
			children = (
				758F3B221C8C2F0E005D1EF5 /* Base */,
			);
			name = Main.storyboard;
			sourceTree = "<group>";
		};
		758F3B261C8C2F0E005D1EF5 /* LaunchScreen.storyboard */ = {
			isa = PBXVariantGroup;
			children = (
				758F3B271C8C2F0E005D1EF5 /* Base */,
			);
			name = LaunchScreen.storyboard;
			sourceTree = "<group>";
		};
/* End PBXVariantGroup section */

/* Begin XCBuildConfiguration section */
		758F3B2A1C8C2F0E005D1EF5 /* Debug */ = {
			isa = XCBuildConfiguration;
			buildSettings = {
				ALWAYS_SEARCH_USER_PATHS = NO;
				CLANG_CXX_LANGUAGE_STANDARD = "gnu++0x";
				CLANG_CXX_LIBRARY = "libc++";
				CLANG_ENABLE_MODULES = YES;
				CLANG_ENABLE_OBJC_ARC = YES;
				CLANG_WARN_BOOL_CONVERSION = YES;
				CLANG_WARN_CONSTANT_CONVERSION = YES;
				CLANG_WARN_DIRECT_OBJC_ISA_USAGE = YES_ERROR;
				CLANG_WARN_EMPTY_BODY = YES;
				CLANG_WARN_ENUM_CONVERSION = YES;
				CLANG_WARN_INT_CONVERSION = YES;
				CLANG_WARN_OBJC_ROOT_CLASS = YES_ERROR;
				CLANG_WARN_UNREACHABLE_CODE = YES;
				CLANG_WARN__DUPLICATE_METHOD_MATCH = YES;
				"CODE_SIGN_IDENTITY[sdk=iphoneos*]" = "iPhone Developer";
				COPY_PHASE_STRIP = NO;
				DEBUG_INFORMATION_FORMAT = dwarf;
				ENABLE_STRICT_OBJC_MSGSEND = YES;
				ENABLE_TESTABILITY = YES;
				GCC_C_LANGUAGE_STANDARD = gnu99;
				GCC_DYNAMIC_NO_PIC = NO;
				GCC_NO_COMMON_BLOCKS = YES;
				GCC_OPTIMIZATION_LEVEL = 0;
				GCC_PREPROCESSOR_DEFINITIONS = (
					"DEBUG=1",
					"$(inherited)",
				);
				GCC_WARN_64_TO_32_BIT_CONVERSION = YES;
				GCC_WARN_ABOUT_RETURN_TYPE = YES_ERROR;
				GCC_WARN_UNDECLARED_SELECTOR = YES;
				GCC_WARN_UNINITIALIZED_AUTOS = YES_AGGRESSIVE;
				GCC_WARN_UNUSED_FUNCTION = YES;
				GCC_WARN_UNUSED_VARIABLE = YES;
				IPHONEOS_DEPLOYMENT_TARGET = 9.2;
				MTL_ENABLE_DEBUG_INFO = YES;
				ONLY_ACTIVE_ARCH = YES;
				SDKROOT = iphoneos;
				SWIFT_OPTIMIZATION_LEVEL = "-Onone";
			};
			name = Debug;
		};
		758F3B2B1C8C2F0E005D1EF5 /* Release */ = {
			isa = XCBuildConfiguration;
			buildSettings = {
				ALWAYS_SEARCH_USER_PATHS = NO;
				CLANG_CXX_LANGUAGE_STANDARD = "gnu++0x";
				CLANG_CXX_LIBRARY = "libc++";
				CLANG_ENABLE_MODULES = YES;
				CLANG_ENABLE_OBJC_ARC = YES;
				CLANG_WARN_BOOL_CONVERSION = YES;
				CLANG_WARN_CONSTANT_CONVERSION = YES;
				CLANG_WARN_DIRECT_OBJC_ISA_USAGE = YES_ERROR;
				CLANG_WARN_EMPTY_BODY = YES;
				CLANG_WARN_ENUM_CONVERSION = YES;
				CLANG_WARN_INT_CONVERSION = YES;
				CLANG_WARN_OBJC_ROOT_CLASS = YES_ERROR;
				CLANG_WARN_UNREACHABLE_CODE = YES;
				CLANG_WARN__DUPLICATE_METHOD_MATCH = YES;
				"CODE_SIGN_IDENTITY[sdk=iphoneos*]" = "iPhone Developer";
				COPY_PHASE_STRIP = NO;
				DEBUG_INFORMATION_FORMAT = "dwarf-with-dsym";
				ENABLE_NS_ASSERTIONS = NO;
				ENABLE_STRICT_OBJC_MSGSEND = YES;
				GCC_C_LANGUAGE_STANDARD = gnu99;
				GCC_NO_COMMON_BLOCKS = YES;
				GCC_WARN_64_TO_32_BIT_CONVERSION = YES;
				GCC_WARN_ABOUT_RETURN_TYPE = YES_ERROR;
				GCC_WARN_UNDECLARED_SELECTOR = YES;
				GCC_WARN_UNINITIALIZED_AUTOS = YES_AGGRESSIVE;
				GCC_WARN_UNUSED_FUNCTION = YES;
				GCC_WARN_UNUSED_VARIABLE = YES;
				IPHONEOS_DEPLOYMENT_TARGET = 9.2;
				MTL_ENABLE_DEBUG_INFO = NO;
				SDKROOT = iphoneos;
				VALIDATE_PRODUCT = YES;
			};
			name = Release;
		};
		758F3B2D1C8C2F0E005D1EF5 /* Debug */ = {
			isa = XCBuildConfiguration;
			buildSettings = {
				ASSETCATALOG_COMPILER_APPICON_NAME = AppIcon;
				CLANG_ENABLE_MODULES = YES;
				CODE_SIGN_IDENTITY = "iPhone Developer";
				"CODE_SIGN_IDENTITY[sdk=iphoneos*]" = "iPhone Developer";
				FRAMEWORK_SEARCH_PATHS = (
					"$(inherited)",
					"$(PROJECT_DIR)",
					"$(PROJECT_DIR)/MezizLi",
				);
				INFOPLIST_FILE = MezizLi/Info.plist;
				LD_RUNPATH_SEARCH_PATHS = "$(inherited) @executable_path/Frameworks";
				PRODUCT_BUNDLE_IDENTIFIER = com.nikoxes.MezizLi;
				PRODUCT_NAME = "$(TARGET_NAME)";
				PROVISIONING_PROFILE = "";
				SWIFT_OBJC_BRIDGING_HEADER = "MezizLi/MezizLi-Bridging-Header.h";
				SWIFT_OPTIMIZATION_LEVEL = "-Onone";
			};
			name = Debug;
		};
		758F3B2E1C8C2F0E005D1EF5 /* Release */ = {
			isa = XCBuildConfiguration;
			buildSettings = {
				ASSETCATALOG_COMPILER_APPICON_NAME = AppIcon;
				CLANG_ENABLE_MODULES = YES;
				CODE_SIGN_IDENTITY = "iPhone Developer";
				"CODE_SIGN_IDENTITY[sdk=iphoneos*]" = "iPhone Developer";
				FRAMEWORK_SEARCH_PATHS = (
					"$(inherited)",
					"$(PROJECT_DIR)",
					"$(PROJECT_DIR)/MezizLi",
				);
				INFOPLIST_FILE = MezizLi/Info.plist;
				LD_RUNPATH_SEARCH_PATHS = "$(inherited) @executable_path/Frameworks";
				PRODUCT_BUNDLE_IDENTIFIER = com.nikoxes.MezizLi;
				PRODUCT_NAME = "$(TARGET_NAME)";
				PROVISIONING_PROFILE = "";
				SWIFT_OBJC_BRIDGING_HEADER = "MezizLi/MezizLi-Bridging-Header.h";
			};
			name = Release;
		};
/* End XCBuildConfiguration section */

/* Begin XCConfigurationList section */
		758F3B151C8C2F0E005D1EF5 /* Build configuration list for PBXProject "MezizLi" */ = {
			isa = XCConfigurationList;
			buildConfigurations = (
				758F3B2A1C8C2F0E005D1EF5 /* Debug */,
				758F3B2B1C8C2F0E005D1EF5 /* Release */,
			);
			defaultConfigurationIsVisible = 0;
			defaultConfigurationName = Release;
		};
		758F3B2C1C8C2F0E005D1EF5 /* Build configuration list for PBXNativeTarget "MezizLi" */ = {
			isa = XCConfigurationList;
			buildConfigurations = (
				758F3B2D1C8C2F0E005D1EF5 /* Debug */,
				758F3B2E1C8C2F0E005D1EF5 /* Release */,
			);
			defaultConfigurationIsVisible = 0;
			defaultConfigurationName = Release;
		};
/* End XCConfigurationList section */
	};
	rootObject = 758F3B121C8C2F0E005D1EF5 /* Project object */;
}
